
Microsoft Visual Studio Solution File, Format Version 12.00
# Visual Studio 2013
VisualStudioVersion = 12.0.31101.0
MinimumVisualStudioVersion = 10.0.40219.1
Project("{FAE04EC0-301F-11D3-BF4B-00C04F79EFBC}") = "UnbindSourceCodeFromTFS", "UnbindSourceCodeFromTFS\UnbindSourceCodeFromTFS.csproj", "{F368D344-1145-4C49-A164-7EF3247635CE}"
EndProject
Global
	GlobalSection(CodealikeProperties) = postSolution
		SolutionGuid = 18d4a384-c2f1-4d87-9aaa-89c5263f477f
	EndGlobalSection
	GlobalSection(SolutionConfigurationPlatforms) = preSolution
		Debug|Any CPU = Debug|Any CPU
		Release|Any CPU = Release|Any CPU
	EndGlobalSection
	GlobalSection(ProjectConfigurationPlatforms) = postSolution
		{F368D344-1145-4C49-A164-7EF3247635CE}.Debug|Any CPU.ActiveCfg = Debug|Any CPU
		{F368D344-1145-4C49-A164-7EF3247635CE}.Debug|Any CPU.Build.0 = Debug|Any CPU
		{F368D344-1145-4C49-A164-7EF3247635CE}.Release|Any CPU.ActiveCfg = Release|Any CPU
		{F368D344-1145-4C49-A164-7EF3247635CE}.Release|Any CPU.Build.0 = Release|Any CPU
	EndGlobalSection
	GlobalSection(SolutionProperties) = preSolution
		HideSolutionNode = FALSE
	EndGlobalSection
EndGlobal
